
Microsoft Visual Studio Solution File, Format Version 12.00
# Visual Studio Version 16
VisualStudioVersion = 16.0.31911.196
MinimumVisualStudioVersion = 10.0.40219.1
Project("{FAE04EC0-301F-11D3-BF4B-00C04F79EFBC}") = "CreditCard", "CreditCard.csproj", "{0A600A81-13C1-4FA7-AE39-683CEC5CB605}"
EndProject
Global
	GlobalSection(SolutionConfigurationPlatforms) = preSolution
		Debug|Any CPU = Debug|Any CPU
		Release|Any CPU = Release|Any CPU
	EndGlobalSection
	GlobalSection(ProjectConfigurationPlatforms) = postSolution
		{0A600A81-13C1-4FA7-AE39-683CEC5CB605}.Debug|Any CPU.ActiveCfg = Debug|Any CPU
		{0A600A81-13C1-4FA7-AE39-683CEC5CB605}.Debug|Any CPU.Build.0 = Debug|Any CPU
		{0A600A81-13C1-4FA7-AE39-683CEC5CB605}.Release|Any CPU.ActiveCfg = Release|Any CPU
		{0A600A81-13C1-4FA7-AE39-683CEC5CB605}.Release|Any CPU.Build.0 = Release|Any CPU
	EndGlobalSection
	GlobalSection(SolutionProperties) = preSolution
		HideSolutionNode = FALSE
	EndGlobalSection
	GlobalSection(ExtensibilityGlobals) = postSolution
		SolutionGuid = {0D366B65-6A78-48F4-AAED-B68BBCCCDD8F}
	EndGlobalSection
EndGlobal
